
Microsoft Visual Studio Solution File, Format Version 12.00
# Visual Studio Version 17
VisualStudioVersion = 17.3.32929.385
MinimumVisualStudioVersion = 10.0.40219.1
Project("{FAE04EC0-301F-11D3-BF4B-00C04F79EFBC}") = "PracticaFinal", "PracticaFinal\PracticaFinal.csproj", "{82DED180-5F88-44C7-A045-30F0D84E68F1}"
EndProject
Global
	GlobalSection(SolutionConfigurationPlatforms) = preSolution
		Debug|Any CPU = Debug|Any CPU
		Release|Any CPU = Release|Any CPU
	EndGlobalSection
	GlobalSection(ProjectConfigurationPlatforms) = postSolution
		{82DED180-5F88-44C7-A045-30F0D84E68F1}.Debug|Any CPU.ActiveCfg = Debug|Any CPU
		{82DED180-5F88-44C7-A045-30F0D84E68F1}.Debug|Any CPU.Build.0 = Debug|Any CPU
		{82DED180-5F88-44C7-A045-30F0D84E68F1}.Release|Any CPU.ActiveCfg = Release|Any CPU
		{82DED180-5F88-44C7-A045-30F0D84E68F1}.Release|Any CPU.Build.0 = Release|Any CPU
	EndGlobalSection
	GlobalSection(SolutionProperties) = preSolution
		HideSolutionNode = FALSE
	EndGlobalSection
	GlobalSection(ExtensibilityGlobals) = postSolution
		SolutionGuid = {474D4F47-C156-41E8-B50E-16AEE1801961}
	EndGlobalSection
EndGlobal
